// !$*UTF8*$!
{
	archiveVersion = 1;
	classes = {
	};
	objectVersion = 50;
	objects = {

/* Begin PBXBuildFile section */
		BB2C05312543102E008ED82D /* AppDelegate.swift in Sources */ = {isa = PBXBuildFile; fileRef = BB2C05302543102E008ED82D /* AppDelegate.swift */; };
		BB2C05332543102E008ED82D /* ViewController.swift in Sources */ = {isa = PBXBuildFile; fileRef = BB2C05322543102E008ED82D /* ViewController.swift */; };
		BB2C05362543102E008ED82D /* Main.storyboard in Resources */ = {isa = PBXBuildFile; fileRef = BB2C05342543102E008ED82D /* Main.storyboard */; };
		BB2C053825431030008ED82D /* Assets.xcassets in Resources */ = {isa = PBXBuildFile; fileRef = BB2C053725431030008ED82D /* Assets.xcassets */; };
		BB2C053B25431030008ED82D /* LaunchScreen.storyboard in Resources */ = {isa = PBXBuildFile; fileRef = BB2C053925431030008ED82D /* LaunchScreen.storyboard */; };
		BB2C054325431610008ED82D /* MovieCell.swift in Sources */ = {isa = PBXBuildFile; fileRef = BB2C054225431610008ED82D /* MovieCell.swift */; };
		BB2C054525431842008ED82D /* Movies.swift in Sources */ = {isa = PBXBuildFile; fileRef = BB2C054425431842008ED82D /* Movies.swift */; };
		BB2C054725431D30008ED82D /* movie.png in Resources */ = {isa = PBXBuildFile; fileRef = BB2C054625431D30008ED82D /* movie.png */; };
		BB2C054925431E6D008ED82D /* nuvem.png in Resources */ = {isa = PBXBuildFile; fileRef = BB2C054825431E6D008ED82D /* nuvem.png */; };
/* End PBXBuildFile section */

/* Begin PBXFileReference section */
		BB2C052D2543102E008ED82D /* layout.app */ = {isa = PBXFileReference; explicitFileType = wrapper.application; includeInIndex = 0; path = layout.app; sourceTree = BUILT_PRODUCTS_DIR; };
		BB2C05302543102E008ED82D /* AppDelegate.swift */ = {isa = PBXFileReference; lastKnownFileType = sourcecode.swift; path = AppDelegate.swift; sourceTree = "<group>"; };
		BB2C05322543102E008ED82D /* ViewController.swift */ = {isa = PBXFileReference; lastKnownFileType = sourcecode.swift; path = ViewController.swift; sourceTree = "<group>"; };
		BB2C05352543102E008ED82D /* Base */ = {isa = PBXFileReference; lastKnownFileType = file.storyboard; name = Base; path = Base.lproj/Main.storyboard; sourceTree = "<group>"; };
		BB2C053725431030008ED82D /* Assets.xcassets */ = {isa = PBXFileReference; lastKnownFileType = folder.assetcatalog; path = Assets.xcassets; sourceTree = "<group>"; };
		BB2C053A25431030008ED82D /* Base */ = {isa = PBXFileReference; lastKnownFileType = file.storyboard; name = Base; path = Base.lproj/LaunchScreen.storyboard; sourceTree = "<group>"; };
		BB2C053C25431030008ED82D /* Info.plist */ = {isa = PBXFileReference; lastKnownFileType = text.plist.xml; path = Info.plist; sourceTree = "<group>"; };
		BB2C054225431610008ED82D /* MovieCell.swift */ = {isa = PBXFileReference; lastKnownFileType = sourcecode.swift; path = MovieCell.swift; sourceTree = "<group>"; };
		BB2C054425431842008ED82D /* Movies.swift */ = {isa = PBXFileReference; lastKnownFileType = sourcecode.swift; path = Movies.swift; sourceTree = "<group>"; };
		BB2C054625431D30008ED82D /* movie.png */ = {isa = PBXFileReference; lastKnownFileType = image.png; path = movie.png; sourceTree = "<group>"; };
		BB2C054825431E6D008ED82D /* nuvem.png */ = {isa = PBXFileReference; lastKnownFileType = image.png; path = nuvem.png; sourceTree = "<group>"; };
/* End PBXFileReference section */

/* Begin PBXFrameworksBuildPhase section */
		BB2C052A2543102E008ED82D /* Frameworks */ = {
			isa = PBXFrameworksBuildPhase;
			buildActionMask = 2147483647;
			files = (
			);
			runOnlyForDeploymentPostprocessing = 0;
		};
/* End PBXFrameworksBuildPhase section */

/* Begin PBXGroup section */
		BB2C05242543102E008ED82D = {
			isa = PBXGroup;
			children = (
				BB2C052F2543102E008ED82D /* layout */,
				BB2C052E2543102E008ED82D /* Products */,
			);
			sourceTree = "<group>";
		};
		BB2C052E2543102E008ED82D /* Products */ = {
			isa = PBXGroup;
			children = (
				BB2C052D2543102E008ED82D /* layout.app */,
			);
			name = Products;
			sourceTree = "<group>";
		};
		BB2C052F2543102E008ED82D /* layout */ = {
			isa = PBXGroup;
			children = (
				BB2C05302543102E008ED82D /* AppDelegate.swift */,
				BB2C05322543102E008ED82D /* ViewController.swift */,
				BB2C05342543102E008ED82D /* Main.storyboard */,
				BB2C054225431610008ED82D /* MovieCell.swift */,
				BB2C054425431842008ED82D /* Movies.swift */,
				BB2C053725431030008ED82D /* Assets.xcassets */,
				BB2C054625431D30008ED82D /* movie.png */,
				BB2C054825431E6D008ED82D /* nuvem.png */,
				BB2C053925431030008ED82D /* LaunchScreen.storyboard */,
				BB2C053C25431030008ED82D /* Info.plist */,
			);
			path = layout;
			sourceTree = "<group>";
		};
/* End PBXGroup section */

/* Begin PBXNativeTarget section */
		BB2C052C2543102E008ED82D /* layout */ = {
			isa = PBXNativeTarget;
			buildConfigurationList = BB2C053F25431030008ED82D /* Build configuration list for PBXNativeTarget "layout" */;
			buildPhases = (
				BB2C05292543102E008ED82D /* Sources */,
				BB2C052A2543102E008ED82D /* Frameworks */,
				BB2C052B2543102E008ED82D /* Resources */,
			);
			buildRules = (
			);
			dependencies = (
			);
			name = layout;
			productName = layout;
			productReference = BB2C052D2543102E008ED82D /* layout.app */;
			productType = "com.apple.product-type.application";
		};
/* End PBXNativeTarget section */

/* Begin PBXProject section */
		BB2C05252543102E008ED82D /* Project object */ = {
			isa = PBXProject;
			attributes = {
				LastSwiftUpdateCheck = 1000;
				LastUpgradeCheck = 1000;
				ORGANIZATIONNAME = "Paola Pagotto";
				TargetAttributes = {
					BB2C052C2543102E008ED82D = {
						CreatedOnToolsVersion = 10.0;
					};
				};
			};
			buildConfigurationList = BB2C05282543102E008ED82D /* Build configuration list for PBXProject "layout" */;
			compatibilityVersion = "Xcode 9.3";
			developmentRegion = en;
			hasScannedForEncodings = 0;
			knownRegions = (
				en,
				Base,
			);
			mainGroup = BB2C05242543102E008ED82D;
			productRefGroup = BB2C052E2543102E008ED82D /* Products */;
			projectDirPath = "";
			projectRoot = "";
			targets = (
				BB2C052C2543102E008ED82D /* layout */,
			);
		};
/* End PBXProject section */

/* Begin PBXResourcesBuildPhase section */
		BB2C052B2543102E008ED82D /* Resources */ = {
			isa = PBXResourcesBuildPhase;
			buildActionMask = 2147483647;
			files = (
				BB2C054725431D30008ED82D /* movie.png in Resources */,
				BB2C053B25431030008ED82D /* LaunchScreen.storyboard in Resources */,
				BB2C054925431E6D008ED82D /* nuvem.png in Resources */,
				BB2C053825431030008ED82D /* Assets.xcassets in Resources */,
				BB2C05362543102E008ED82D /* Main.storyboard in Resources */,
			);
			runOnlyForDeploymentPostprocessing = 0;
		};
/* End PBXResourcesBuildPhase section */

/* Begin PBXSourcesBuildPhase section */
		BB2C05292543102E008ED82D /* Sources */ = {
			isa = PBXSourcesBuildPhase;
			buildActionMask = 2147483647;
			files = (
				BB2C05332543102E008ED82D /* ViewController.swift in Sources */,
				BB2C05312543102E008ED82D /* AppDelegate.swift in Sources */,
				BB2C054525431842008ED82D /* Movies.swift in Sources */,
				BB2C054325431610008ED82D /* MovieCell.swift in Sources */,
			);
			runOnlyForDeploymentPostprocessing = 0;
		};
/* End PBXSourcesBuildPhase section */

/* Begin PBXVariantGroup section */
		BB2C05342543102E008ED82D /* Main.storyboard */ = {
			isa = PBXVariantGroup;
			children = (
				BB2C05352543102E008ED82D /* Base */,
			);
			name = Main.storyboard;
			sourceTree = "<group>";
		};
		BB2C053925431030008ED82D /* LaunchScreen.storyboard */ = {
			isa = PBXVariantGroup;
			children = (
				BB2C053A25431030008ED82D /* Base */,
			);
			name = LaunchScreen.storyboard;
			sourceTree = "<group>";
		};
/* End PBXVariantGroup section */

/* Begin XCBuildConfiguration section */
		BB2C053D25431030008ED82D /* Debug */ = {
			isa = XCBuildConfiguration;
			buildSettings = {
				ALWAYS_SEARCH_USER_PATHS = NO;
				CLANG_ANALYZER_NONNULL = YES;
				CLANG_ANALYZER_NUMBER_OBJECT_CONVERSION = YES_AGGRESSIVE;
				CLANG_CXX_LANGUAGE_STANDARD = "gnu++14";
				CLANG_CXX_LIBRARY = "libc++";
				CLANG_ENABLE_MODULES = YES;
				CLANG_ENABLE_OBJC_ARC = YES;
				CLANG_ENABLE_OBJC_WEAK = YES;
				CLANG_WARN_BLOCK_CAPTURE_AUTORELEASING = YES;
				CLANG_WARN_BOOL_CONVERSION = YES;
				CLANG_WARN_COMMA = YES;
				CLANG_WARN_CONSTANT_CONVERSION = YES;
				CLANG_WARN_DEPRECATED_OBJC_IMPLEMENTATIONS = YES;
				CLANG_WARN_DIRECT_OBJC_ISA_USAGE = YES_ERROR;
				CLANG_WARN_DOCUMENTATION_COMMENTS = YES;
				CLANG_WARN_EMPTY_BODY = YES;
				CLANG_WARN_ENUM_CONVERSION = YES;
				CLANG_WARN_INFINITE_RECURSION = YES;
				CLANG_WARN_INT_CONVERSION = YES;
				CLANG_WARN_NON_LITERAL_NULL_CONVERSION = YES;
				CLANG_WARN_OBJC_IMPLICIT_RETAIN_SELF = YES;
				CLANG_WARN_OBJC_LITERAL_CONVERSION = YES;
				CLANG_WARN_OBJC_ROOT_CLASS = YES_ERROR;
				CLANG_WARN_RANGE_LOOP_ANALYSIS = YES;
				CLANG_WARN_STRICT_PROTOTYPES = YES;
				CLANG_WARN_SUSPICIOUS_MOVE = YES;
				CLANG_WARN_UNGUARDED_AVAILABILITY = YES_AGGRESSIVE;
				CLANG_WARN_UNREACHABLE_CODE = YES;
				CLANG_WARN__DUPLICATE_METHOD_MATCH = YES;
				CODE_SIGN_IDENTITY = "iPhone Developer";
				COPY_PHASE_STRIP = NO;
				DEBUG_INFORMATION_FORMAT = dwarf;
				ENABLE_STRICT_OBJC_MSGSEND = YES;
				ENABLE_TESTABILITY = YES;
				GCC_C_LANGUAGE_STANDARD = gnu11;
				GCC_DYNAMIC_NO_PIC = NO;
				GCC_NO_COMMON_BLOCKS = YES;
				GCC_OPTIMIZATION_LEVEL = 0;
				GCC_PREPROCESSOR_DEFINITIONS = (
					"DEBUG=1",
					"$(inherited)",
				);
				GCC_WARN_64_TO_32_BIT_CONVERSION = YES;
				GCC_WARN_ABOUT_RETURN_TYPE = YES_ERROR;
				GCC_WARN_UNDECLARED_SELECTOR = YES;
				GCC_WARN_UNINITIALIZED_AUTOS = YES_AGGRESSIVE;
				GCC_WARN_UNUSED_FUNCTION = YES;
				GCC_WARN_UNUSED_VARIABLE = YES;
				IPHONEOS_DEPLOYMENT_TARGET = 12.0;
				MTL_ENABLE_DEBUG_INFO = INCLUDE_SOURCE;
				MTL_FAST_MATH = YES;
				ONLY_ACTIVE_ARCH = YES;
				SDKROOT = iphoneos;
				SWIFT_ACTIVE_COMPILATION_CONDITIONS = DEBUG;
				SWIFT_OPTIMIZATION_LEVEL = "-Onone";
			};
			name = Debug;
		};
		BB2C053E25431030008ED82D /* Release */ = {
			isa = XCBuildConfiguration;
			buildSettings = {
				ALWAYS_SEARCH_USER_PATHS = NO;
				CLANG_ANALYZER_NONNULL = YES;
				CLANG_ANALYZER_NUMBER_OBJECT_CONVERSION = YES_AGGRESSIVE;
				CLANG_CXX_LANGUAGE_STANDARD = "gnu++14";
				CLANG_CXX_LIBRARY = "libc++";
				CLANG_ENABLE_MODULES = YES;
				CLANG_ENABLE_OBJC_ARC = YES;
				CLANG_ENABLE_OBJC_WEAK = YES;
				CLANG_WARN_BLOCK_CAPTURE_AUTORELEASING = YES;
				CLANG_WARN_BOOL_CONVERSION = YES;
				CLANG_WARN_COMMA = YES;
				CLANG_WARN_CONSTANT_CONVERSION = YES;
				CLANG_WARN_DEPRECATED_OBJC_IMPLEMENTATIONS = YES;
				CLANG_WARN_DIRECT_OBJC_ISA_USAGE = YES_ERROR;
				CLANG_WARN_DOCUMENTATION_COMMENTS = YES;
				CLANG_WARN_EMPTY_BODY = YES;
				CLANG_WARN_ENUM_CONVERSION = YES;
				CLANG_WARN_INFINITE_RECURSION = YES;
				CLANG_WARN_INT_CONVERSION = YES;
				CLANG_WARN_NON_LITERAL_NULL_CONVERSION = YES;
				CLANG_WARN_OBJC_IMPLICIT_RETAIN_SELF = YES;
				CLANG_WARN_OBJC_LITERAL_CONVERSION = YES;
				CLANG_WARN_OBJC_ROOT_CLASS = YES_ERROR;
				CLANG_WARN_RANGE_LOOP_ANALYSIS = YES;
				CLANG_WARN_STRICT_PROTOTYPES = YES;
				CLANG_WARN_SUSPICIOUS_MOVE = YES;
				CLANG_WARN_UNGUARDED_AVAILABILITY = YES_AGGRESSIVE;
				CLANG_WARN_UNREACHABLE_CODE = YES;
				CLANG_WARN__DUPLICATE_METHOD_MATCH = YES;
				CODE_SIGN_IDENTITY = "iPhone Developer";
				COPY_PHASE_STRIP = NO;
				DEBUG_INFORMATION_FORMAT = "dwarf-with-dsym";
				ENABLE_NS_ASSERTIONS = NO;
				ENABLE_STRICT_OBJC_MSGSEND = YES;
				GCC_C_LANGUAGE_STANDARD = gnu11;
				GCC_NO_COMMON_BLOCKS = YES;
				GCC_WARN_64_TO_32_BIT_CONVERSION = YES;
				GCC_WARN_ABOUT_RETURN_TYPE = YES_ERROR;
				GCC_WARN_UNDECLARED_SELECTOR = YES;
				GCC_WARN_UNINITIALIZED_AUTOS = YES_AGGRESSIVE;
				GCC_WARN_UNUSED_FUNCTION = YES;
				GCC_WARN_UNUSED_VARIABLE = YES;
				IPHONEOS_DEPLOYMENT_TARGET = 12.0;
				MTL_ENABLE_DEBUG_INFO = NO;
				MTL_FAST_MATH = YES;
				SDKROOT = iphoneos;
				SWIFT_COMPILATION_MODE = wholemodule;
				SWIFT_OPTIMIZATION_LEVEL = "-O";
				VALIDATE_PRODUCT = YES;
			};
			name = Release;
		};
		BB2C054025431030008ED82D /* Debug */ = {
			isa = XCBuildConfiguration;
			buildSettings = {
				ASSETCATALOG_COMPILER_APPICON_NAME = AppIcon;
				CODE_SIGN_STYLE = Automatic;
				DEVELOPMENT_TEAM = 7YZ5M2YT9Z;
				INFOPLIST_FILE = layout/Info.plist;
				LD_RUNPATH_SEARCH_PATHS = (
					"$(inherited)",
					"@executable_path/Frameworks",
				);
				PRODUCT_BUNDLE_IDENTIFIER = com.pp.layout;
				PRODUCT_NAME = "$(TARGET_NAME)";
				SWIFT_VERSION = 4.2;
				TARGETED_DEVICE_FAMILY = "1,2";
			};
			name = Debug;
		};
		BB2C054125431030008ED82D /* Release */ = {
			isa = XCBuildConfiguration;
			buildSettings = {
				ASSETCATALOG_COMPILER_APPICON_NAME = AppIcon;
				CODE_SIGN_STYLE = Automatic;
				DEVELOPMENT_TEAM = 7YZ5M2YT9Z;
				INFOPLIST_FILE = layout/Info.plist;
				LD_RUNPATH_SEARCH_PATHS = (
					"$(inherited)",
					"@executable_path/Frameworks",
				);
				PRODUCT_BUNDLE_IDENTIFIER = com.pp.layout;
				PRODUCT_NAME = "$(TARGET_NAME)";
				SWIFT_VERSION = 4.2;
				TARGETED_DEVICE_FAMILY = "1,2";
			};
			name = Release;
		};
/* End XCBuildConfiguration section */

/* Begin XCConfigurationList section */
		BB2C05282543102E008ED82D /* Build configuration list for PBXProject "layout" */ = {
			isa = XCConfigurationList;
			buildConfigurations = (
				BB2C053D25431030008ED82D /* Debug */,
				BB2C053E25431030008ED82D /* Release */,
			);
			defaultConfigurationIsVisible = 0;
			defaultConfigurationName = Release;
		};
		BB2C053F25431030008ED82D /* Build configuration list for PBXNativeTarget "layout" */ = {
			isa = XCConfigurationList;
			buildConfigurations = (
				BB2C054025431030008ED82D /* Debug */,
				BB2C054125431030008ED82D /* Release */,
			);
			defaultConfigurationIsVisible = 0;
			defaultConfigurationName = Release;
		};
/* End XCConfigurationList section */
	};
	rootObject = BB2C05252543102E008ED82D /* Project object */;
}
